
Microsoft Visual Studio Solution File, Format Version 12.00
# Visual Studio 14
VisualStudioVersion = 14.0.23107.0
MinimumVisualStudioVersion = 10.0.40219.1
Project("{FAE04EC0-301F-11D3-BF4B-00C04F79EFBC}") = "Pepper.NET", "Pepper.NET\Pepper.NET.csproj", "{42FC68E1-EF3D-4C82-98FD-35A685399A56}"
EndProject
Project("{FAE04EC0-301F-11D3-BF4B-00C04F79EFBC}") = "Pepper.NET.Tests", "Pepper.NET.Tests\Pepper.NET.Tests.csproj", "{F24BB3C6-BF90-41E3-98FB-AB3F5D43E8C8}"
EndProject
Global
	GlobalSection(SolutionConfigurationPlatforms) = preSolution
		Debug|Any CPU = Debug|Any CPU
		Release|Any CPU = Release|Any CPU
	EndGlobalSection
	GlobalSection(ProjectConfigurationPlatforms) = postSolution
		{42FC68E1-EF3D-4C82-98FD-35A685399A56}.Debug|Any CPU.ActiveCfg = Debug|Any CPU
		{42FC68E1-EF3D-4C82-98FD-35A685399A56}.Debug|Any CPU.Build.0 = Debug|Any CPU
		{42FC68E1-EF3D-4C82-98FD-35A685399A56}.Release|Any CPU.ActiveCfg = Release|Any CPU
		{42FC68E1-EF3D-4C82-98FD-35A685399A56}.Release|Any CPU.Build.0 = Release|Any CPU
		{F24BB3C6-BF90-41E3-98FB-AB3F5D43E8C8}.Debug|Any CPU.ActiveCfg = Debug|Any CPU
		{F24BB3C6-BF90-41E3-98FB-AB3F5D43E8C8}.Debug|Any CPU.Build.0 = Debug|Any CPU
		{F24BB3C6-BF90-41E3-98FB-AB3F5D43E8C8}.Release|Any CPU.ActiveCfg = Release|Any CPU
		{F24BB3C6-BF90-41E3-98FB-AB3F5D43E8C8}.Release|Any CPU.Build.0 = Release|Any CPU
	EndGlobalSection
	GlobalSection(SolutionProperties) = preSolution
		HideSolutionNode = FALSE
	EndGlobalSection
EndGlobal
